
Microsoft Visual Studio Solution File, Format Version 12.00
# Visual Studio Version 17
VisualStudioVersion = 17.7.34024.191
MinimumVisualStudioVersion = 10.0.40219.1
Project("{9A19103F-16F7-4668-BE54-9A1E7A4F7556}") = "HieuLamDoAn", "HieuLamDoAn\HieuLamDoAn.csproj", "{7BF9C686-014F-4144-8FC4-5980F56D48A8}"
EndProject
Global
	GlobalSection(SolutionConfigurationPlatforms) = preSolution
		Debug|Any CPU = Debug|Any CPU
		Release|Any CPU = Release|Any CPU
	EndGlobalSection
	GlobalSection(ProjectConfigurationPlatforms) = postSolution
		{7BF9C686-014F-4144-8FC4-5980F56D48A8}.Debug|Any CPU.ActiveCfg = Debug|Any CPU
		{7BF9C686-014F-4144-8FC4-5980F56D48A8}.Debug|Any CPU.Build.0 = Debug|Any CPU
		{7BF9C686-014F-4144-8FC4-5980F56D48A8}.Release|Any CPU.ActiveCfg = Release|Any CPU
		{7BF9C686-014F-4144-8FC4-5980F56D48A8}.Release|Any CPU.Build.0 = Release|Any CPU
	EndGlobalSection
	GlobalSection(SolutionProperties) = preSolution
		HideSolutionNode = FALSE
	EndGlobalSection
	GlobalSection(ExtensibilityGlobals) = postSolution
		SolutionGuid = {3BEDB82E-758D-4C07-8613-40F26DD2A16A}
	EndGlobalSection
EndGlobal
